lockfileVersion: '9.0'

settings:
  autoInstallPeers: true
  excludeLinksFromLockfile: false

importers:

  .:
    dependencies:
      create-next-app:
        specifier: ^16.1.6
        version: 16.1.6

packages:

  create-next-app@16.1.6:
    resolution: {integrity: sha512-ooYZENRuYgkcA0HPFBLubaXejIpdsXmuppP9r2aZGQB/Douih2mi6ntvWfNsk5nYH/Ms0NCqLkev/ygNdZYp9g==}
    engines: {node: '>=20.9.0'}
    hasBin: true

snapshots:

  create-next-app@16.1.6: {}
